<?xml version="1.0" encoding="utf-8"?>
<Project ToolsVersion="4.0" xmlns="http://schemas.microsoft.com/developer/msbuild/2003">
  <ItemGroup>
    <Filter Include="Source Files">
      <UniqueIdentifier>{4FC737F1-C7A5-4376-A066-2A32D752A2FF}</UniqueIdentifier>
      <Extensions>cpp;c;cc;cxx;def;odl;idl;hpj;bat;asm;asmx</Extensions>
    </Filter>
    <Filter Include="Header Files">
      <UniqueIdentifier>{93995380-89BD-4b04-88EB-625FBE52EBFB}</UniqueIdentifier>
      <Extensions>h;hh;hpp;hxx;hm;inl;inc;ipp;xsd</Extensions>
    </Filter>
    <Filter Include="Resource Files">
      <UniqueIdentifier>{67DA6AB6-F800-4c08-8B7A-83BB121AAD01}</UniqueIdentifier>
      <Extensions>rc;ico;cur;bmp;dlg;rc2;rct;bin;rgs;gif;jpg;jpeg;jpe;resx;tiff;tif;png;wav;mfcribbon-ms</Extensions>
    </Filter>
  </ItemGroup>
  <ItemGroup>
    <ClCompile Include="src\main.cpp">
      <Filter>Source Files</Filter>
    </ClCompile>
  </ItemGroup>
  <ItemGroup>
    <ClInclude Include="src\math.hpp">
      <Filter>Header Files</Filter>
    </ClInclude>
    <ClInclude Include="src\utility.hpp">
      <Filter>Header Files</Filter>
    </ClInclude>
    <ClInclude Include="src\pk_prime.hpp">
      <Filter>Header Files</Filter>
    </ClInclude>
    <ClInclude Include="lib\mpir\dll\x64\Debug\config.h">
      <Filter>Header Files</Filter>
    </ClInclude>
    <ClInclude Include="lib\mpir\dll\x64\Debug\gmp.h">
      <Filter>Header Files</Filter>
    </ClInclude>
    <ClInclude Include="lib\mpir\dll\x64\Debug\gmp-impl.h">
      <Filter>Header Files</Filter>
    </ClInclude>
    <ClInclude Include="lib\mpir\dll\x64\Debug\gmp-mparam.h">
      <Filter>Header Files</Filter>
    </ClInclude>
    <ClInclude Include="lib\mpir\dll\x64\Debug\gmpxx.h">
      <Filter>Header Files</Filter>
    </ClInclude>
    <ClInclude Include="lib\mpir\dll\x64\Debug\longlong.h">
      <Filter>Header Files</Filter>
    </ClInclude>
    <ClInclude Include="lib\mpir\dll\x64\Debug\mpir.h">
      <Filter>Header Files</Filter>
    </ClInclude>
    <ClInclude Include="lib\mpir\dll\x64\Debug\mpirxx.h">
      <Filter>Header Files</Filter>
    </ClInclude>
    <ClInclude Include="lib\mpir\dll\x64\Release\config.h">
      <Filter>Header Files</Filter>
    </ClInclude>
    <ClInclude Include="lib\mpir\dll\x64\Release\gmp.h">
      <Filter>Header Files</Filter>
    </ClInclude>
    <ClInclude Include="lib\mpir\dll\x64\Release\gmp-impl.h">
      <Filter>Header Files</Filter>
    </ClInclude>
    <ClInclude Include="lib\mpir\dll\x64\Release\gmp-mparam.h">
      <Filter>Header Files</Filter>
    </ClInclude>
    <ClInclude Include="lib\mpir\dll\x64\Release\gmpxx.h">
      <Filter>Header Files</Filter>
    </ClInclude>
    <ClInclude Include="lib\mpir\dll\x64\Release\longlong.h">
      <Filter>Header Files</Filter>
    </ClInclude>
    <ClInclude Include="lib\mpir\dll\x64\Release\mpir.h">
      <Filter>Header Files</Filter>
    </ClInclude>
    <ClInclude Include="lib\mpir\dll\x64\Release\mpirxx.h">
      <Filter>Header Files</Filter>
    </ClInclude>
    <ClInclude Include="lib\mpir\msvc\vs17\dll_mpir_gc\x64\Debug\config.h">
      <Filter>Header Files</Filter>
    </ClInclude>
    <ClInclude Include="lib\mpir\msvc\vs17\dll_mpir_gc\x64\Debug\gmp.h">
      <Filter>Header Files</Filter>
    </ClInclude>
    <ClInclude Include="lib\mpir\msvc\vs17\dll_mpir_gc\x64\Debug\gmp-impl.h">
      <Filter>Header Files</Filter>
    </ClInclude>
    <ClInclude Include="lib\mpir\msvc\vs17\dll_mpir_gc\x64\Debug\gmp-mparam.h">
      <Filter>Header Files</Filter>
    </ClInclude>
    <ClInclude Include="lib\mpir\msvc\vs17\dll_mpir_gc\x64\Debug\gmpxx.h">
      <Filter>Header Files</Filter>
    </ClInclude>
    <ClInclude Include="lib\mpir\msvc\vs17\dll_mpir_gc\x64\Debug\longlong.h">
      <Filter>Header Files</Filter>
    </ClInclude>
    <ClInclude Include="lib\mpir\msvc\vs17\dll_mpir_gc\x64\Debug\mpir.h">
      <Filter>Header Files</Filter>
    </ClInclude>
    <ClInclude Include="lib\mpir\msvc\vs17\dll_mpir_gc\x64\Debug\mpirxx.h">
      <Filter>Header Files</Filter>
    </ClInclude>
    <ClInclude Include="lib\mpir\msvc\vs17\dll_mpir_gc\x64\Release\config.h">
      <Filter>Header Files</Filter>
    </ClInclude>
    <ClInclude Include="lib\mpir\msvc\vs17\dll_mpir_gc\x64\Release\gmp.h">
      <Filter>Header Files</Filter>
    </ClInclude>
    <ClInclude Include="lib\mpir\msvc\vs17\dll_mpir_gc\x64\Release\gmp-impl.h">
      <Filter>Header Files</Filter>
    </ClInclude>
    <ClInclude Include="lib\mpir\msvc\vs17\dll_mpir_gc\x64\Release\gmp-mparam.h">
      <Filter>Header Files</Filter>
    </ClInclude>
    <ClInclude Include="lib\mpir\msvc\vs17\dll_mpir_gc\x64\Release\gmpxx.h">
      <Filter>Header Files</Filter>
    </ClInclude>
    <ClInclude Include="lib\mpir\msvc\vs17\dll_mpir_gc\x64\Release\longlong.h">
      <Filter>Header Files</Filter>
    </ClInclude>
    <ClInclude Include="lib\mpir\msvc\vs17\dll_mpir_gc\x64\Release\mpir.h">
      <Filter>Header Files</Filter>
    </ClInclude>
    <ClInclude Include="lib\mpir\msvc\vs17\dll_mpir_gc\x64\Release\mpirxx.h">
      <Filter>Header Files</Filter>
    </ClInclude>
    <ClInclude Include="lib\mpir\msvc\vs17\lib_mpir_cxx\x64\Debug\config.h">
      <Filter>Header Files</Filter>
    </ClInclude>
    <ClInclude Include="lib\mpir\msvc\vs17\lib_mpir_cxx\x64\Debug\gmp.h">
      <Filter>Header Files</Filter>
    </ClInclude>
    <ClInclude Include="lib\mpir\msvc\vs17\lib_mpir_cxx\x64\Debug\gmp-impl.h">
      <Filter>Header Files</Filter>
    </ClInclude>
    <ClInclude Include="lib\mpir\msvc\vs17\lib_mpir_cxx\x64\Debug\gmp-mparam.h">
      <Filter>Header Files</Filter>
    </ClInclude>
    <ClInclude Include="lib\mpir\msvc\vs17\lib_mpir_cxx\x64\Debug\gmpxx.h">
      <Filter>Header Files</Filter>
    </ClInclude>
    <ClInclude Include="lib\mpir\msvc\vs17\lib_mpir_cxx\x64\Debug\longlong.h">
      <Filter>Header Files</Filter>
    </ClInclude>
    <ClInclude Include="lib\mpir\msvc\vs17\lib_mpir_cxx\x64\Debug\mpir.h">
      <Filter>Header Files</Filter>
    </ClInclude>
    <ClInclude Include="lib\mpir\msvc\vs17\lib_mpir_cxx\x64\Debug\mpirxx.h">
      <Filter>Header Files</Filter>
    </ClInclude>
    <ClInclude Include="lib\mpir\msvc\vs17\lib_mpir_cxx\x64\Release\config.h">
      <Filter>Header Files</Filter>
    </ClInclude>
    <ClInclude Include="lib\mpir\msvc\vs17\lib_mpir_cxx\x64\Release\gmp.h">
      <Filter>Header Files</Filter>
    </ClInclude>
    <ClInclude Include="lib\mpir\msvc\vs17\lib_mpir_cxx\x64\Release\gmp-impl.h">
      <Filter>Header Files</Filter>
    </ClInclude>
    <ClInclude Include="lib\mpir\msvc\vs17\lib_mpir_cxx\x64\Release\gmp-mparam.h">
      <Filter>Header Files</Filter>
    </ClInclude>
    <ClInclude Include="lib\mpir\msvc\vs17\lib_mpir_cxx\x64\Release\gmpxx.h">
      <Filter>Header Files</Filter>
    </ClInclude>
    <ClInclude Include="lib\mpir\msvc\vs17\lib_mpir_cxx\x64\Release\longlong.h">
      <Filter>Header Files</Filter>
    </ClInclude>
    <ClInclude Include="lib\mpir\msvc\vs17\lib_mpir_cxx\x64\Release\mpir.h">
      <Filter>Header Files</Filter>
    </ClInclude>
    <ClInclude Include="lib\mpir\msvc\vs17\lib_mpir_cxx\x64\Release\mpirxx.h">
      <Filter>Header Files</Filter>
    </ClInclude>
    <ClInclude Include="lib\mpir\msvc\vs17\lib_mpir_gc\x64\Debug\config.h">
      <Filter>Header Files</Filter>
    </ClInclude>
    <ClInclude Include="lib\mpir\msvc\vs17\lib_mpir_gc\x64\Debug\gmp.h">
      <Filter>Header Files</Filter>
    </ClInclude>
    <ClInclude Include="lib\mpir\msvc\vs17\lib_mpir_gc\x64\Debug\gmp-impl.h">
      <Filter>Header Files</Filter>
    </ClInclude>
    <ClInclude Include="lib\mpir\msvc\vs17\lib_mpir_gc\x64\Debug\gmp-mparam.h">
      <Filter>Header Files</Filter>
    </ClInclude>
    <ClInclude Include="lib\mpir\msvc\vs17\lib_mpir_gc\x64\Debug\gmpxx.h">
      <Filter>Header Files</Filter>
    </ClInclude>
    <ClInclude Include="lib\mpir\msvc\vs17\lib_mpir_gc\x64\Debug\longlong.h">
      <Filter>Header Files</Filter>
    </ClInclude>
    <ClInclude Include="lib\mpir\msvc\vs17\lib_mpir_gc\x64\Debug\mpir.h">
      <Filter>Header Files</Filter>
    </ClInclude>
    <ClInclude Include="lib\mpir\msvc\vs17\lib_mpir_gc\x64\Debug\mpirxx.h">
      <Filter>Header Files</Filter>
    </ClInclude>
    <ClInclude Include="lib\mpir\msvc\vs17\lib_mpir_gc\x64\Release\config.h">
      <Filter>Header Files</Filter>
    </ClInclude>
    <ClInclude Include="lib\mpir\msvc\vs17\lib_mpir_gc\x64\Release\gmp.h">
      <Filter>Header Files</Filter>
    </ClInclude>
    <ClInclude Include="lib\mpir\msvc\vs17\lib_mpir_gc\x64\Release\gmp-impl.h">
      <Filter>Header Files</Filter>
    </ClInclude>
    <ClInclude Include="lib\mpir\msvc\vs17\lib_mpir_gc\x64\Release\gmp-mparam.h">
      <Filter>Header Files</Filter>
    </ClInclude>
    <ClInclude Include="lib\mpir\msvc\vs17\lib_mpir_gc\x64\Release\gmpxx.h">
      <Filter>Header Files</Filter>
    </ClInclude>
    <ClInclude Include="lib\mpir\msvc\vs17\lib_mpir_gc\x64\Release\longlong.h">
      <Filter>Header Files</Filter>
    </ClInclude>
    <ClInclude Include="lib\mpir\msvc\vs17\lib_mpir_gc\x64\Release\mpir.h">
      <Filter>Header Files</Filter>
    </ClInclude>
    <ClInclude Include="lib\mpir\msvc\vs17\lib_mpir_gc\x64\Release\mpirxx.h">
      <Filter>Header Files</Filter>
    </ClInclude>
    <ClInclude Include="src\franken_fermat.hpp">
      <Filter>Header Files</Filter>
    </ClInclude>
    <ClInclude Include="src\multibase_div_tests.hpp">
      <Filter>Header Files</Filter>
    </ClInclude>
  </ItemGroup>
  <ItemGroup>
    <Text Include="results.txt">
      <Filter>Resource Files</Filter>
    </Text>
    <Text Include="doc\benchmarking.txt">
      <Filter>Resource Files</Filter>
    </Text>
  </ItemGroup>
</Project>